
Microsoft Visual Studio Solution File, Format Version 12.00
# Visual Studio Version 17
VisualStudioVersion = 17.11.35222.181
MinimumVisualStudioVersion = 10.0.40219.1
Project("{FAE04EC0-301F-11D3-BF4B-00C04F79EFBC}") = "UnrealReZen", "UnrealReZen\UnrealReZen.csproj", "{B7D094A1-C89F-4473-B2A8-4EA5D7FE314B}"
EndProject
Project("{FAE04EC0-301F-11D3-BF4B-00C04F79EFBC}") = "CUE4Parse", "external\CUE4Parse\CUE4Parse\CUE4Parse.csproj", "{A1B2C3D4-E5F6-7890-ABCD-EF1234567890}"
EndProject
Global
	GlobalSection(SolutionConfigurationPlatforms) = preSolution
		Debug|Any CPU = Debug|Any CPU
		Release|Any CPU = Release|Any CPU
	EndGlobalSection
	GlobalSection(ProjectConfigurationPlatforms) = postSolution
		{B7D094A1-C89F-4473-B2A8-4EA5D7FE314B}.Debug|Any CPU.ActiveCfg = Debug|Any CPU
		{B7D094A1-C89F-4473-B2A8-4EA5D7FE314B}.Debug|Any CPU.Build.0 = Debug|Any CPU
		{B7D094A1-C89F-4473-B2A8-4EA5D7FE314B}.Release|Any CPU.ActiveCfg = Release|Any CPU
		{B7D094A1-C89F-4473-B2A8-4EA5D7FE314B}.Release|Any CPU.Build.0 = Release|Any CPU
		{A1B2C3D4-E5F6-7890-ABCD-EF1234567890}.Debug|Any CPU.ActiveCfg = Debug|Any CPU
		{A1B2C3D4-E5F6-7890-ABCD-EF1234567890}.Debug|Any CPU.Build.0 = Debug|Any CPU
		{A1B2C3D4-E5F6-7890-ABCD-EF1234567890}.Release|Any CPU.ActiveCfg = Release|Any CPU
		{A1B2C3D4-E5F6-7890-ABCD-EF1234567890}.Release|Any CPU.Build.0 = Release|Any CPU
	EndGlobalSection
	GlobalSection(SolutionProperties) = preSolution
		HideSolutionNode = FALSE
	EndGlobalSection
	GlobalSection(ExtensibilityGlobals) = postSolution
		SolutionGuid = {6DC759B0-E903-4F76-A29A-C3889F390B1F}
	EndGlobalSection
EndGlobal
